
Microsoft Visual Studio Solution File, Format Version 12.00
# Visual Studio Version 17
VisualStudioVersion = 17.14.36408.4
MinimumVisualStudioVersion = 10.0.40219.1
Project("{FAE04EC0-301F-11D3-BF4B-00C04F79EFBC}") = "LearnDotnet", "LearnDotnet\LearnDotnet.csproj", "{9D9AB4E8-1B1C-4CCC-97CE-9EB7E3B94095}"
EndProject
Project("{2150E333-8FDC-42A3-9474-1A3956D46DE8}") = "samples", "samples", "{5D20AA90-6969-D8BD-9DCD-8634F4692FDA}"
EndProject
Project("{2150E333-8FDC-42A3-9474-1A3956D46DE8}") = "cookie-authentication", "cookie-authentication", "{65DFD596-9F82-D493-3DF9-8427ACC4ED3C}"
EndProject
Project("{FAE04EC0-301F-11D3-BF4B-00C04F79EFBC}") = "CookieAuthSample", "samples\cookie-authentication\CookieAuthSample\CookieAuthSample.csproj", "{7EC00CD3-62CD-4AEC-BF9F-461AF0DD917A}"
EndProject
Project("{2150E333-8FDC-42A3-9474-1A3956D46DE8}") = "forms-authentication", "forms-authentication", "{A1B2C3D4-5E6F-7890-ABCD-EF1234567890}"
EndProject
Project("{FAE04EC0-301F-11D3-BF4B-00C04F79EFBC}") = "FormsAuthSample", "samples\forms-authentication\FormsAuthSample\FormsAuthSample.csproj", "{B2C3D4E5-6F70-8901-BCDE-F23456789012}"
EndProject
Project("{2150E333-8FDC-42A3-9474-1A3956D46DE8}") = "windows-authentication", "windows-authentication", "{C3D4E5F6-7890-1234-CDEF-567890123456}"
EndProject
Project("{FAE04EC0-301F-11D3-BF4B-00C04F79EFBC}") = "WindowsAuthSample", "samples\windows-authentication\WindowsAuthSample\WindowsAuthSample.csproj", "{68C0DB3E-F739-4FD8-BA01-4B522C775782}"
EndProject
Project("{2150E333-8FDC-42A3-9474-1A3956D46DE8}") = "api-key-authentication", "api-key-authentication", "{A430BB18-8E22-4D54-81AB-F576A7F15DCD}"
EndProject
Project("{FAE04EC0-301F-11D3-BF4B-00C04F79EFBC}") = "ApiKeyAuthSample", "samples\api-key-authentication\ApiKeyAuthSample\ApiKeyAuthSample.csproj", "{BE9101DB-23EE-40BF-8A42-69FBF04D84B6}"
EndProject
Project("{2150E333-8FDC-42A3-9474-1A3956D46DE8}") = "jwt-authentication", "jwt-authentication", "{CA3368DC-461C-4F25-B7B3-7C7543889918}"
EndProject
Project("{FAE04EC0-301F-11D3-BF4B-00C04F79EFBC}") = "JwtAuthSample", "samples\jwt-authentication\JwtAuthSample\JwtAuthSample.csproj", "{3FC1167B-5EA2-46B6-8BBD-54B9F6C9FCD6}"
EndProject
Project("{2150E333-8FDC-42A3-9474-1A3956D46DE8}") = "oauth-openid-authentication", "oauth-openid-authentication", "{247A6151-8A2C-4EDE-A86A-BD45D8B501FA}"
EndProject
Project("{FAE04EC0-301F-11D3-BF4B-00C04F79EFBC}") = "OAuthOpenIdSample", "samples\oauth-openid-authentication\OAuthOpenIdSample\OAuthOpenIdSample.csproj", "{EFEA5DAA-5095-4DEE-A1CA-C91C2E8FC723}"
EndProject
Project("{2150E333-8FDC-42A3-9474-1A3956D46DE8}") = "certificate-authentication", "certificate-authentication", "{A153CA9D-F6A7-478C-8FA1-B184D8CEFA74}"
EndProject
Project("{FAE04EC0-301F-11D3-BF4B-00C04F79EFBC}") = "CertificateAuthSample", "samples\certificate-authentication\CertificateAuthSample\CertificateAuthSample.csproj", "{A2A07A32-5541-4C6F-97E6-A142221A1D31}"
EndProject
Project("{2150E333-8FDC-42A3-9474-1A3956D46DE8}") = "two-factor-authentication", "two-factor-authentication", "{3F32DE2B-7AF0-4B34-AA27-0CDCD776130F}"
EndProject
Project("{FAE04EC0-301F-11D3-BF4B-00C04F79EFBC}") = "TwoFactorAuthSample", "samples\two-factor-authentication\TwoFactorAuthSample\TwoFactorAuthSample.csproj", "{E5F6A7B8-9012-3456-EF01-789012345678}"
EndProject
Project("{2150E333-8FDC-42A3-9474-1A3956D46DE8}") = "biometric-authentication", "biometric-authentication", "{4A5B6C7D-8E9F-0123-4567-890123456789}"
EndProject
Project("{FAE04EC0-301F-11D3-BF4B-00C04F79EFBC}") = "BiometricAuthSample", "samples\biometric-authentication\BiometricAuthSample\BiometricAuthSample.csproj", "{BC0AFF3D-28E9-43ED-921D-F8EA8F0D2846}"
EndProject
Project("{2150E333-8FDC-42A3-9474-1A3956D46DE8}") = "policy-based-authentication", "policy-based-authentication", "{B2C3D4E5-6F70-8901-BCDE-234567890123}"
EndProject
Project("{FAE04EC0-301F-11D3-BF4B-00C04F79EFBC}") = "PolicyAuthSample", "samples\policy-based-authentication\PolicyAuthSample\PolicyAuthSample.csproj", "{C3D4E5F6-7890-1234-CDEF-345678901234}"
EndProject
Project("{2150E333-8FDC-42A3-9474-1A3956D46DE8}") = "passwordless-authentication", "passwordless-authentication", "{D4E5F6A7-8901-2345-BCDE-456789012345}"
EndProject
Project("{FAE04EC0-301F-11D3-BF4B-00C04F79EFBC}") = "PasswordlessAuthSample", "samples\passwordless-authentication\PasswordlessAuthSample\PasswordlessAuthSample.csproj", "{E5F6A7B8-9012-3456-CDEF-567890123456}"
EndProject
Project("{2150E333-8FDC-42A3-9474-1A3956D46DE8}") = "certificate-pinning-authentication", "certificate-pinning-authentication", "{D4E5F6A7-8901-2345-DEFA-456789012345}"
EndProject
Project("{FAE04EC0-301F-11D3-BF4B-00C04F79EFBC}") = "CertificatePinningAuthSample", "samples\certificate-pinning-authentication\CertificatePinningAuthSample\CertificatePinningAuthSample.csproj", "{E5F6A7B8-9012-3456-EF01-890123456789}"
EndProject
Global
	GlobalSection(SolutionConfigurationPlatforms) = preSolution
		Debug|Any CPU = Debug|Any CPU
		Debug|x64 = Debug|x64
		Debug|x86 = Debug|x86
		Release|Any CPU = Release|Any CPU
		Release|x64 = Release|x64
		Release|x86 = Release|x86
	EndGlobalSection
	GlobalSection(ProjectConfigurationPlatforms) = postSolution
		{9D9AB4E8-1B1C-4CCC-97CE-9EB7E3B94095}.Debug|Any CPU.ActiveCfg = Debug|Any CPU
		{9D9AB4E8-1B1C-4CCC-97CE-9EB7E3B94095}.Debug|Any CPU.Build.0 = Debug|Any CPU
		{9D9AB4E8-1B1C-4CCC-97CE-9EB7E3B94095}.Debug|x64.ActiveCfg = Debug|Any CPU
		{9D9AB4E8-1B1C-4CCC-97CE-9EB7E3B94095}.Debug|x64.Build.0 = Debug|Any CPU
		{9D9AB4E8-1B1C-4CCC-97CE-9EB7E3B94095}.Debug|x86.ActiveCfg = Debug|Any CPU
		{9D9AB4E8-1B1C-4CCC-97CE-9EB7E3B94095}.Debug|x86.Build.0 = Debug|Any CPU
		{9D9AB4E8-1B1C-4CCC-97CE-9EB7E3B94095}.Release|Any CPU.ActiveCfg = Release|Any CPU
		{9D9AB4E8-1B1C-4CCC-97CE-9EB7E3B94095}.Release|Any CPU.Build.0 = Release|Any CPU
		{9D9AB4E8-1B1C-4CCC-97CE-9EB7E3B94095}.Release|x64.ActiveCfg = Release|Any CPU
		{9D9AB4E8-1B1C-4CCC-97CE-9EB7E3B94095}.Release|x64.Build.0 = Release|Any CPU
		{9D9AB4E8-1B1C-4CCC-97CE-9EB7E3B94095}.Release|x86.ActiveCfg = Release|Any CPU
		{9D9AB4E8-1B1C-4CCC-97CE-9EB7E3B94095}.Release|x86.Build.0 = Release|Any CPU
		{7EC00CD3-62CD-4AEC-BF9F-461AF0DD917A}.Debug|Any CPU.ActiveCfg = Debug|Any CPU
		{7EC00CD3-62CD-4AEC-BF9F-461AF0DD917A}.Debug|Any CPU.Build.0 = Debug|Any CPU
		{7EC00CD3-62CD-4AEC-BF9F-461AF0DD917A}.Debug|x64.ActiveCfg = Debug|Any CPU
		{7EC00CD3-62CD-4AEC-BF9F-461AF0DD917A}.Debug|x64.Build.0 = Debug|Any CPU
		{7EC00CD3-62CD-4AEC-BF9F-461AF0DD917A}.Debug|x86.ActiveCfg = Debug|Any CPU
		{7EC00CD3-62CD-4AEC-BF9F-461AF0DD917A}.Debug|x86.Build.0 = Debug|Any CPU
		{7EC00CD3-62CD-4AEC-BF9F-461AF0DD917A}.Release|Any CPU.ActiveCfg = Release|Any CPU
		{7EC00CD3-62CD-4AEC-BF9F-461AF0DD917A}.Release|Any CPU.Build.0 = Release|Any CPU
		{7EC00CD3-62CD-4AEC-BF9F-461AF0DD917A}.Release|x64.ActiveCfg = Release|Any CPU
		{7EC00CD3-62CD-4AEC-BF9F-461AF0DD917A}.Release|x64.Build.0 = Release|Any CPU
		{7EC00CD3-62CD-4AEC-BF9F-461AF0DD917A}.Release|x86.ActiveCfg = Release|Any CPU
		{7EC00CD3-62CD-4AEC-BF9F-461AF0DD917A}.Release|x86.Build.0 = Release|Any CPU
		{B2C3D4E5-6F70-8901-BCDE-F23456789012}.Debug|Any CPU.ActiveCfg = Debug|Any CPU
		{B2C3D4E5-6F70-8901-BCDE-F23456789012}.Debug|Any CPU.Build.0 = Debug|Any CPU
		{B2C3D4E5-6F70-8901-BCDE-F23456789012}.Debug|x64.ActiveCfg = Debug|Any CPU
		{B2C3D4E5-6F70-8901-BCDE-F23456789012}.Debug|x64.Build.0 = Debug|Any CPU
		{B2C3D4E5-6F70-8901-BCDE-F23456789012}.Debug|x86.ActiveCfg = Debug|Any CPU
		{B2C3D4E5-6F70-8901-BCDE-F23456789012}.Debug|x86.Build.0 = Debug|Any CPU
		{B2C3D4E5-6F70-8901-BCDE-F23456789012}.Release|Any CPU.ActiveCfg = Release|Any CPU
		{B2C3D4E5-6F70-8901-BCDE-F23456789012}.Release|Any CPU.Build.0 = Release|Any CPU
		{B2C3D4E5-6F70-8901-BCDE-F23456789012}.Release|x64.ActiveCfg = Release|Any CPU
		{B2C3D4E5-6F70-8901-BCDE-F23456789012}.Release|x64.Build.0 = Release|Any CPU
		{B2C3D4E5-6F70-8901-BCDE-F23456789012}.Release|x86.ActiveCfg = Release|Any CPU
		{B2C3D4E5-6F70-8901-BCDE-F23456789012}.Release|x86.Build.0 = Release|Any CPU
		{68C0DB3E-F739-4FD8-BA01-4B522C775782}.Debug|Any CPU.ActiveCfg = Debug|Any CPU
		{68C0DB3E-F739-4FD8-BA01-4B522C775782}.Debug|Any CPU.Build.0 = Debug|Any CPU
		{68C0DB3E-F739-4FD8-BA01-4B522C775782}.Debug|x64.ActiveCfg = Debug|Any CPU
		{68C0DB3E-F739-4FD8-BA01-4B522C775782}.Debug|x64.Build.0 = Debug|Any CPU
		{68C0DB3E-F739-4FD8-BA01-4B522C775782}.Debug|x86.ActiveCfg = Debug|Any CPU
		{68C0DB3E-F739-4FD8-BA01-4B522C775782}.Debug|x86.Build.0 = Debug|Any CPU
		{68C0DB3E-F739-4FD8-BA01-4B522C775782}.Release|Any CPU.ActiveCfg = Release|Any CPU
		{68C0DB3E-F739-4FD8-BA01-4B522C775782}.Release|Any CPU.Build.0 = Release|Any CPU
		{68C0DB3E-F739-4FD8-BA01-4B522C775782}.Release|x64.ActiveCfg = Release|Any CPU
		{68C0DB3E-F739-4FD8-BA01-4B522C775782}.Release|x64.Build.0 = Release|Any CPU
		{68C0DB3E-F739-4FD8-BA01-4B522C775782}.Release|x86.ActiveCfg = Release|Any CPU
		{68C0DB3E-F739-4FD8-BA01-4B522C775782}.Release|x86.Build.0 = Release|Any CPU
		{BE9101DB-23EE-40BF-8A42-69FBF04D84B6}.Debug|Any CPU.ActiveCfg = Debug|Any CPU
		{BE9101DB-23EE-40BF-8A42-69FBF04D84B6}.Debug|Any CPU.Build.0 = Debug|Any CPU
		{BE9101DB-23EE-40BF-8A42-69FBF04D84B6}.Debug|x64.ActiveCfg = Debug|Any CPU
		{BE9101DB-23EE-40BF-8A42-69FBF04D84B6}.Debug|x64.Build.0 = Debug|Any CPU
		{BE9101DB-23EE-40BF-8A42-69FBF04D84B6}.Debug|x86.ActiveCfg = Debug|Any CPU
		{BE9101DB-23EE-40BF-8A42-69FBF04D84B6}.Debug|x86.Build.0 = Debug|Any CPU
		{BE9101DB-23EE-40BF-8A42-69FBF04D84B6}.Release|Any CPU.ActiveCfg = Release|Any CPU
		{BE9101DB-23EE-40BF-8A42-69FBF04D84B6}.Release|Any CPU.Build.0 = Release|Any CPU
		{BE9101DB-23EE-40BF-8A42-69FBF04D84B6}.Release|x64.ActiveCfg = Release|Any CPU
		{BE9101DB-23EE-40BF-8A42-69FBF04D84B6}.Release|x64.Build.0 = Release|Any CPU
		{BE9101DB-23EE-40BF-8A42-69FBF04D84B6}.Release|x86.ActiveCfg = Release|Any CPU
		{BE9101DB-23EE-40BF-8A42-69FBF04D84B6}.Release|x86.Build.0 = Release|Any CPU
		{3FC1167B-5EA2-46B6-8BBD-54B9F6C9FCD6}.Debug|Any CPU.ActiveCfg = Debug|Any CPU
		{3FC1167B-5EA2-46B6-8BBD-54B9F6C9FCD6}.Debug|Any CPU.Build.0 = Debug|Any CPU
		{3FC1167B-5EA2-46B6-8BBD-54B9F6C9FCD6}.Debug|x64.ActiveCfg = Debug|Any CPU
		{3FC1167B-5EA2-46B6-8BBD-54B9F6C9FCD6}.Debug|x64.Build.0 = Debug|Any CPU
		{3FC1167B-5EA2-46B6-8BBD-54B9F6C9FCD6}.Debug|x86.ActiveCfg = Debug|Any CPU
		{3FC1167B-5EA2-46B6-8BBD-54B9F6C9FCD6}.Debug|x86.Build.0 = Debug|Any CPU
		{3FC1167B-5EA2-46B6-8BBD-54B9F6C9FCD6}.Release|Any CPU.ActiveCfg = Release|Any CPU
		{3FC1167B-5EA2-46B6-8BBD-54B9F6C9FCD6}.Release|Any CPU.Build.0 = Release|Any CPU
		{3FC1167B-5EA2-46B6-8BBD-54B9F6C9FCD6}.Release|x64.ActiveCfg = Release|Any CPU
		{3FC1167B-5EA2-46B6-8BBD-54B9F6C9FCD6}.Release|x64.Build.0 = Release|Any CPU
		{3FC1167B-5EA2-46B6-8BBD-54B9F6C9FCD6}.Release|x86.ActiveCfg = Release|Any CPU
		{3FC1167B-5EA2-46B6-8BBD-54B9F6C9FCD6}.Release|x86.Build.0 = Release|Any CPU
		{EFEA5DAA-5095-4DEE-A1CA-C91C2E8FC723}.Debug|Any CPU.ActiveCfg = Debug|Any CPU
		{EFEA5DAA-5095-4DEE-A1CA-C91C2E8FC723}.Debug|Any CPU.Build.0 = Debug|Any CPU
		{EFEA5DAA-5095-4DEE-A1CA-C91C2E8FC723}.Debug|x64.ActiveCfg = Debug|Any CPU
		{EFEA5DAA-5095-4DEE-A1CA-C91C2E8FC723}.Debug|x64.Build.0 = Debug|Any CPU
		{EFEA5DAA-5095-4DEE-A1CA-C91C2E8FC723}.Debug|x86.ActiveCfg = Debug|Any CPU
		{EFEA5DAA-5095-4DEE-A1CA-C91C2E8FC723}.Debug|x86.Build.0 = Debug|Any CPU
		{EFEA5DAA-5095-4DEE-A1CA-C91C2E8FC723}.Release|Any CPU.ActiveCfg = Release|Any CPU
		{EFEA5DAA-5095-4DEE-A1CA-C91C2E8FC723}.Release|Any CPU.Build.0 = Release|Any CPU
		{EFEA5DAA-5095-4DEE-A1CA-C91C2E8FC723}.Release|x64.ActiveCfg = Release|Any CPU
		{EFEA5DAA-5095-4DEE-A1CA-C91C2E8FC723}.Release|x64.Build.0 = Release|Any CPU
		{EFEA5DAA-5095-4DEE-A1CA-C91C2E8FC723}.Release|x86.ActiveCfg = Release|Any CPU
		{EFEA5DAA-5095-4DEE-A1CA-C91C2E8FC723}.Release|x86.Build.0 = Release|Any CPU
		{A2A07A32-5541-4C6F-97E6-A142221A1D31}.Debug|Any CPU.ActiveCfg = Debug|Any CPU
		{A2A07A32-5541-4C6F-97E6-A142221A1D31}.Debug|Any CPU.Build.0 = Debug|Any CPU
		{A2A07A32-5541-4C6F-97E6-A142221A1D31}.Debug|x64.ActiveCfg = Debug|Any CPU
		{A2A07A32-5541-4C6F-97E6-A142221A1D31}.Debug|x64.Build.0 = Debug|Any CPU
		{A2A07A32-5541-4C6F-97E6-A142221A1D31}.Debug|x86.ActiveCfg = Debug|Any CPU
		{A2A07A32-5541-4C6F-97E6-A142221A1D31}.Debug|x86.Build.0 = Debug|Any CPU
		{A2A07A32-5541-4C6F-97E6-A142221A1D31}.Release|Any CPU.ActiveCfg = Release|Any CPU
		{A2A07A32-5541-4C6F-97E6-A142221A1D31}.Release|Any CPU.Build.0 = Release|Any CPU
		{A2A07A32-5541-4C6F-97E6-A142221A1D31}.Release|x64.ActiveCfg = Release|Any CPU
		{A2A07A32-5541-4C6F-97E6-A142221A1D31}.Release|x64.Build.0 = Release|Any CPU
		{A2A07A32-5541-4C6F-97E6-A142221A1D31}.Release|x86.ActiveCfg = Release|Any CPU
		{A2A07A32-5541-4C6F-97E6-A142221A1D31}.Release|x86.Build.0 = Release|Any CPU
		{E5F6A7B8-9012-3456-EF01-789012345678}.Debug|Any CPU.ActiveCfg = Debug|Any CPU
		{E5F6A7B8-9012-3456-EF01-789012345678}.Debug|Any CPU.Build.0 = Debug|Any CPU
		{E5F6A7B8-9012-3456-EF01-789012345678}.Debug|x64.ActiveCfg = Debug|Any CPU
		{E5F6A7B8-9012-3456-EF01-789012345678}.Debug|x64.Build.0 = Debug|Any CPU
		{E5F6A7B8-9012-3456-EF01-789012345678}.Debug|x86.ActiveCfg = Debug|Any CPU
		{E5F6A7B8-9012-3456-EF01-789012345678}.Debug|x86.Build.0 = Debug|Any CPU
		{E5F6A7B8-9012-3456-EF01-789012345678}.Release|Any CPU.ActiveCfg = Release|Any CPU
		{E5F6A7B8-9012-3456-EF01-789012345678}.Release|Any CPU.Build.0 = Release|Any CPU
		{E5F6A7B8-9012-3456-EF01-789012345678}.Release|x64.ActiveCfg = Release|Any CPU
		{E5F6A7B8-9012-3456-EF01-789012345678}.Release|x64.Build.0 = Release|Any CPU
		{E5F6A7B8-9012-3456-EF01-789012345678}.Release|x86.ActiveCfg = Release|Any CPU
		{E5F6A7B8-9012-3456-EF01-789012345678}.Release|x86.Build.0 = Release|Any CPU
		{BC0AFF3D-28E9-43ED-921D-F8EA8F0D2846}.Debug|Any CPU.ActiveCfg = Debug|Any CPU
		{BC0AFF3D-28E9-43ED-921D-F8EA8F0D2846}.Debug|Any CPU.Build.0 = Debug|Any CPU
		{BC0AFF3D-28E9-43ED-921D-F8EA8F0D2846}.Debug|x64.ActiveCfg = Debug|Any CPU
		{BC0AFF3D-28E9-43ED-921D-F8EA8F0D2846}.Debug|x64.Build.0 = Debug|Any CPU
		{BC0AFF3D-28E9-43ED-921D-F8EA8F0D2846}.Debug|x86.ActiveCfg = Debug|Any CPU
		{BC0AFF3D-28E9-43ED-921D-F8EA8F0D2846}.Debug|x86.Build.0 = Debug|Any CPU
		{BC0AFF3D-28E9-43ED-921D-F8EA8F0D2846}.Release|Any CPU.ActiveCfg = Release|Any CPU
		{BC0AFF3D-28E9-43ED-921D-F8EA8F0D2846}.Release|Any CPU.Build.0 = Release|Any CPU
		{BC0AFF3D-28E9-43ED-921D-F8EA8F0D2846}.Release|x64.ActiveCfg = Release|Any CPU
		{BC0AFF3D-28E9-43ED-921D-F8EA8F0D2846}.Release|x64.Build.0 = Release|Any CPU
		{BC0AFF3D-28E9-43ED-921D-F8EA8F0D2846}.Release|x86.ActiveCfg = Release|Any CPU
		{BC0AFF3D-28E9-43ED-921D-F8EA8F0D2846}.Release|x86.Build.0 = Release|Any CPU
		{C3D4E5F6-7890-1234-CDEF-345678901234}.Debug|Any CPU.ActiveCfg = Debug|Any CPU
		{C3D4E5F6-7890-1234-CDEF-345678901234}.Debug|Any CPU.Build.0 = Debug|Any CPU
		{C3D4E5F6-7890-1234-CDEF-345678901234}.Debug|x64.ActiveCfg = Debug|Any CPU
		{C3D4E5F6-7890-1234-CDEF-345678901234}.Debug|x64.Build.0 = Debug|Any CPU
		{C3D4E5F6-7890-1234-CDEF-345678901234}.Debug|x86.ActiveCfg = Debug|Any CPU
		{C3D4E5F6-7890-1234-CDEF-345678901234}.Debug|x86.Build.0 = Debug|Any CPU
		{C3D4E5F6-7890-1234-CDEF-345678901234}.Release|Any CPU.ActiveCfg = Release|Any CPU
		{C3D4E5F6-7890-1234-CDEF-345678901234}.Release|Any CPU.Build.0 = Release|Any CPU
		{C3D4E5F6-7890-1234-CDEF-345678901234}.Release|x64.ActiveCfg = Release|Any CPU
		{C3D4E5F6-7890-1234-CDEF-345678901234}.Release|x64.Build.0 = Release|Any CPU
		{C3D4E5F6-7890-1234-CDEF-345678901234}.Release|x86.ActiveCfg = Release|Any CPU
		{C3D4E5F6-7890-1234-CDEF-345678901234}.Release|x86.Build.0 = Release|Any CPU
		{E5F6A7B8-9012-3456-CDEF-567890123456}.Debug|Any CPU.ActiveCfg = Debug|Any CPU
		{E5F6A7B8-9012-3456-CDEF-567890123456}.Debug|Any CPU.Build.0 = Debug|Any CPU
		{E5F6A7B8-9012-3456-CDEF-567890123456}.Debug|x64.ActiveCfg = Debug|Any CPU
		{E5F6A7B8-9012-3456-CDEF-567890123456}.Debug|x64.Build.0 = Debug|Any CPU
		{E5F6A7B8-9012-3456-CDEF-567890123456}.Debug|x86.ActiveCfg = Debug|Any CPU
		{E5F6A7B8-9012-3456-CDEF-567890123456}.Debug|x86.Build.0 = Debug|Any CPU
		{E5F6A7B8-9012-3456-CDEF-567890123456}.Release|Any CPU.ActiveCfg = Release|Any CPU
		{E5F6A7B8-9012-3456-CDEF-567890123456}.Release|Any CPU.Build.0 = Release|Any CPU
		{E5F6A7B8-9012-3456-CDEF-567890123456}.Release|x64.ActiveCfg = Release|Any CPU
		{E5F6A7B8-9012-3456-CDEF-567890123456}.Release|x64.Build.0 = Release|Any CPU
		{E5F6A7B8-9012-3456-CDEF-567890123456}.Release|x86.ActiveCfg = Release|Any CPU
		{E5F6A7B8-9012-3456-CDEF-567890123456}.Release|x86.Build.0 = Release|Any CPU
		{E5F6A7B8-9012-3456-EF01-890123456789}.Debug|Any CPU.ActiveCfg = Debug|Any CPU
		{E5F6A7B8-9012-3456-EF01-890123456789}.Debug|Any CPU.Build.0 = Debug|Any CPU
		{E5F6A7B8-9012-3456-EF01-890123456789}.Debug|x64.ActiveCfg = Debug|Any CPU
		{E5F6A7B8-9012-3456-EF01-890123456789}.Debug|x64.Build.0 = Debug|Any CPU
		{E5F6A7B8-9012-3456-EF01-890123456789}.Debug|x86.ActiveCfg = Debug|Any CPU
		{E5F6A7B8-9012-3456-EF01-890123456789}.Debug|x86.Build.0 = Debug|Any CPU
		{E5F6A7B8-9012-3456-EF01-890123456789}.Release|Any CPU.ActiveCfg = Release|Any CPU
		{E5F6A7B8-9012-3456-EF01-890123456789}.Release|Any CPU.Build.0 = Release|Any CPU
		{E5F6A7B8-9012-3456-EF01-890123456789}.Release|x64.ActiveCfg = Release|Any CPU
		{E5F6A7B8-9012-3456-EF01-890123456789}.Release|x64.Build.0 = Release|Any CPU
		{E5F6A7B8-9012-3456-EF01-890123456789}.Release|x86.ActiveCfg = Release|Any CPU
		{E5F6A7B8-9012-3456-EF01-890123456789}.Release|x86.Build.0 = Release|Any CPU
	EndGlobalSection
	GlobalSection(SolutionProperties) = preSolution
		HideSolutionNode = FALSE
	EndGlobalSection
	GlobalSection(NestedProjects) = preSolution
		{65DFD596-9F82-D493-3DF9-8427ACC4ED3C} = {5D20AA90-6969-D8BD-9DCD-8634F4692FDA}
		{7EC00CD3-62CD-4AEC-BF9F-461AF0DD917A} = {65DFD596-9F82-D493-3DF9-8427ACC4ED3C}
		{A1B2C3D4-5E6F-7890-ABCD-EF1234567890} = {5D20AA90-6969-D8BD-9DCD-8634F4692FDA}
		{B2C3D4E5-6F70-8901-BCDE-F23456789012} = {A1B2C3D4-5E6F-7890-ABCD-EF1234567890}
		{C3D4E5F6-7890-1234-CDEF-567890123456} = {5D20AA90-6969-D8BD-9DCD-8634F4692FDA}
		{68C0DB3E-F739-4FD8-BA01-4B522C775782} = {C3D4E5F6-7890-1234-CDEF-567890123456}
		{A430BB18-8E22-4D54-81AB-F576A7F15DCD} = {5D20AA90-6969-D8BD-9DCD-8634F4692FDA}
		{BE9101DB-23EE-40BF-8A42-69FBF04D84B6} = {A430BB18-8E22-4D54-81AB-F576A7F15DCD}
		{CA3368DC-461C-4F25-B7B3-7C7543889918} = {5D20AA90-6969-D8BD-9DCD-8634F4692FDA}
		{3FC1167B-5EA2-46B6-8BBD-54B9F6C9FCD6} = {CA3368DC-461C-4F25-B7B3-7C7543889918}
		{247A6151-8A2C-4EDE-A86A-BD45D8B501FA} = {5D20AA90-6969-D8BD-9DCD-8634F4692FDA}
		{EFEA5DAA-5095-4DEE-A1CA-C91C2E8FC723} = {247A6151-8A2C-4EDE-A86A-BD45D8B501FA}
		{A153CA9D-F6A7-478C-8FA1-B184D8CEFA74} = {5D20AA90-6969-D8BD-9DCD-8634F4692FDA}
		{A2A07A32-5541-4C6F-97E6-A142221A1D31} = {A153CA9D-F6A7-478C-8FA1-B184D8CEFA74}
		{3F32DE2B-7AF0-4B34-AA27-0CDCD776130F} = {5D20AA90-6969-D8BD-9DCD-8634F4692FDA}
		{E5F6A7B8-9012-3456-EF01-789012345678} = {3F32DE2B-7AF0-4B34-AA27-0CDCD776130F}
		{4A5B6C7D-8E9F-0123-4567-890123456789} = {5D20AA90-6969-D8BD-9DCD-8634F4692FDA}
		{BC0AFF3D-28E9-43ED-921D-F8EA8F0D2846} = {4A5B6C7D-8E9F-0123-4567-890123456789}
		{B2C3D4E5-6F70-8901-BCDE-234567890123} = {5D20AA90-6969-D8BD-9DCD-8634F4692FDA}
		{C3D4E5F6-7890-1234-CDEF-345678901234} = {B2C3D4E5-6F70-8901-BCDE-234567890123}
		{D4E5F6A7-8901-2345-BCDE-456789012345} = {5D20AA90-6969-D8BD-9DCD-8634F4692FDA}
		{E5F6A7B8-9012-3456-CDEF-567890123456} = {D4E5F6A7-8901-2345-BCDE-456789012345}
		{D4E5F6A7-8901-2345-DEFA-456789012345} = {5D20AA90-6969-D8BD-9DCD-8634F4692FDA}
		{E5F6A7B8-9012-3456-EF01-890123456789} = {D4E5F6A7-8901-2345-DEFA-456789012345}
	EndGlobalSection
	GlobalSection(ExtensibilityGlobals) = postSolution
		SolutionGuid = {BB184479-98EA-41D5-B956-6F3CBD8F95E7}
	EndGlobalSection
EndGlobal
